
Microsoft Visual Studio Solution File, Format Version 12.00
# Visual Studio Version 16
VisualStudioVersion = 16.0.29021.104
MinimumVisualStudioVersion = 10.0.40219.1
Project("{9A19103F-16F7-4668-BE54-9A1E7A4F7556}") = "csharp-prs", "csharp-prs\csharp-prs.csproj", "{8F1D9D07-0CBB-4A00-A083-B86DE70FF83A}"
EndProject
Project("{FAE04EC0-301F-11D3-BF4B-00C04F79EFBC}") = "csharp-prs-GUI", "csharp-prs-GUI\csharp-prs-GUI.csproj", "{29196666-227E-495B-BB76-9D1768151E29}"
EndProject
Project("{9A19103F-16F7-4668-BE54-9A1E7A4F7556}") = "csharp-prs-benchmark", "csharp-prs-benchmark\csharp-prs-benchmark.csproj", "{9C83B3B1-4C00-475C-AB31-FBE730BE477A}"
EndProject
Project("{9A19103F-16F7-4668-BE54-9A1E7A4F7556}") = "csharp-prs-test", "csharp-prs-test\csharp-prs-test.csproj", "{4251E306-DEB8-4C30-8FA9-977F2E19C9ED}"
EndProject
Project("{FAE04EC0-301F-11D3-BF4B-00C04F79EFBC}") = "csharp-prs-interfaces", "csharp-prs-interfaces\csharp-prs-interfaces.csproj", "{85565DFB-9432-4A00-B089-EE70D46F1070}"
EndProject
Global
	GlobalSection(SolutionConfigurationPlatforms) = preSolution
		Debug|Any CPU = Debug|Any CPU
		Debug|x64 = Debug|x64
		Debug|x86 = Debug|x86
		Release|Any CPU = Release|Any CPU
		Release|x64 = Release|x64
		Release|x86 = Release|x86
	EndGlobalSection
	GlobalSection(ProjectConfigurationPlatforms) = postSolution
		{8F1D9D07-0CBB-4A00-A083-B86DE70FF83A}.Debug|Any CPU.ActiveCfg = Debug|Any CPU
		{8F1D9D07-0CBB-4A00-A083-B86DE70FF83A}.Debug|Any CPU.Build.0 = Debug|Any CPU
		{8F1D9D07-0CBB-4A00-A083-B86DE70FF83A}.Debug|x64.ActiveCfg = Debug|Any CPU
		{8F1D9D07-0CBB-4A00-A083-B86DE70FF83A}.Debug|x64.Build.0 = Debug|Any CPU
		{8F1D9D07-0CBB-4A00-A083-B86DE70FF83A}.Debug|x86.ActiveCfg = Debug|x86
		{8F1D9D07-0CBB-4A00-A083-B86DE70FF83A}.Debug|x86.Build.0 = Debug|x86
		{8F1D9D07-0CBB-4A00-A083-B86DE70FF83A}.Release|Any CPU.ActiveCfg = Release|Any CPU
		{8F1D9D07-0CBB-4A00-A083-B86DE70FF83A}.Release|Any CPU.Build.0 = Release|Any CPU
		{8F1D9D07-0CBB-4A00-A083-B86DE70FF83A}.Release|x64.ActiveCfg = Release|Any CPU
		{8F1D9D07-0CBB-4A00-A083-B86DE70FF83A}.Release|x64.Build.0 = Release|Any CPU
		{8F1D9D07-0CBB-4A00-A083-B86DE70FF83A}.Release|x86.ActiveCfg = Release|x86
		{8F1D9D07-0CBB-4A00-A083-B86DE70FF83A}.Release|x86.Build.0 = Release|x86
		{29196666-227E-495B-BB76-9D1768151E29}.Debug|Any CPU.ActiveCfg = Debug|Any CPU
		{29196666-227E-495B-BB76-9D1768151E29}.Debug|Any CPU.Build.0 = Debug|Any CPU
		{29196666-227E-495B-BB76-9D1768151E29}.Debug|x64.ActiveCfg = Debug|x64
		{29196666-227E-495B-BB76-9D1768151E29}.Debug|x64.Build.0 = Debug|x64
		{29196666-227E-495B-BB76-9D1768151E29}.Debug|x86.ActiveCfg = Debug|x86
		{29196666-227E-495B-BB76-9D1768151E29}.Debug|x86.Build.0 = Debug|x86
		{29196666-227E-495B-BB76-9D1768151E29}.Release|Any CPU.ActiveCfg = Release|Any CPU
		{29196666-227E-495B-BB76-9D1768151E29}.Release|Any CPU.Build.0 = Release|Any CPU
		{29196666-227E-495B-BB76-9D1768151E29}.Release|x64.ActiveCfg = Release|x64
		{29196666-227E-495B-BB76-9D1768151E29}.Release|x64.Build.0 = Release|x64
		{29196666-227E-495B-BB76-9D1768151E29}.Release|x86.ActiveCfg = Release|x86
		{29196666-227E-495B-BB76-9D1768151E29}.Release|x86.Build.0 = Release|x86
		{9C83B3B1-4C00-475C-AB31-FBE730BE477A}.Debug|Any CPU.ActiveCfg = Debug|Any CPU
		{9C83B3B1-4C00-475C-AB31-FBE730BE477A}.Debug|Any CPU.Build.0 = Debug|Any CPU
		{9C83B3B1-4C00-475C-AB31-FBE730BE477A}.Debug|x64.ActiveCfg = Debug|Any CPU
		{9C83B3B1-4C00-475C-AB31-FBE730BE477A}.Debug|x64.Build.0 = Debug|Any CPU
		{9C83B3B1-4C00-475C-AB31-FBE730BE477A}.Debug|x86.ActiveCfg = Debug|Any CPU
		{9C83B3B1-4C00-475C-AB31-FBE730BE477A}.Debug|x86.Build.0 = Debug|Any CPU
		{9C83B3B1-4C00-475C-AB31-FBE730BE477A}.Release|Any CPU.ActiveCfg = Release|Any CPU
		{9C83B3B1-4C00-475C-AB31-FBE730BE477A}.Release|Any CPU.Build.0 = Release|Any CPU
		{9C83B3B1-4C00-475C-AB31-FBE730BE477A}.Release|x64.ActiveCfg = Release|Any CPU
		{9C83B3B1-4C00-475C-AB31-FBE730BE477A}.Release|x64.Build.0 = Release|Any CPU
		{9C83B3B1-4C00-475C-AB31-FBE730BE477A}.Release|x86.ActiveCfg = Release|Any CPU
		{9C83B3B1-4C00-475C-AB31-FBE730BE477A}.Release|x86.Build.0 = Release|Any CPU
		{4251E306-DEB8-4C30-8FA9-977F2E19C9ED}.Debug|Any CPU.ActiveCfg = Debug|Any CPU
		{4251E306-DEB8-4C30-8FA9-977F2E19C9ED}.Debug|Any CPU.Build.0 = Debug|Any CPU
		{4251E306-DEB8-4C30-8FA9-977F2E19C9ED}.Debug|x64.ActiveCfg = Debug|Any CPU
		{4251E306-DEB8-4C30-8FA9-977F2E19C9ED}.Debug|x64.Build.0 = Debug|Any CPU
		{4251E306-DEB8-4C30-8FA9-977F2E19C9ED}.Debug|x86.ActiveCfg = Debug|Any CPU
		{4251E306-DEB8-4C30-8FA9-977F2E19C9ED}.Debug|x86.Build.0 = Debug|Any CPU
		{4251E306-DEB8-4C30-8FA9-977F2E19C9ED}.Release|Any CPU.ActiveCfg = Release|Any CPU
		{4251E306-DEB8-4C30-8FA9-977F2E19C9ED}.Release|Any CPU.Build.0 = Release|Any CPU
		{4251E306-DEB8-4C30-8FA9-977F2E19C9ED}.Release|x64.ActiveCfg = Release|Any CPU
		{4251E306-DEB8-4C30-8FA9-977F2E19C9ED}.Release|x64.Build.0 = Release|Any CPU
		{4251E306-DEB8-4C30-8FA9-977F2E19C9ED}.Release|x86.ActiveCfg = Release|Any CPU
		{4251E306-DEB8-4C30-8FA9-977F2E19C9ED}.Release|x86.Build.0 = Release|Any CPU
		{85565DFB-9432-4A00-B089-EE70D46F1070}.Debug|Any CPU.ActiveCfg = Debug|Any CPU
		{85565DFB-9432-4A00-B089-EE70D46F1070}.Debug|Any CPU.Build.0 = Debug|Any CPU
		{85565DFB-9432-4A00-B089-EE70D46F1070}.Debug|x64.ActiveCfg = Debug|Any CPU
		{85565DFB-9432-4A00-B089-EE70D46F1070}.Debug|x64.Build.0 = Debug|Any CPU
		{85565DFB-9432-4A00-B089-EE70D46F1070}.Debug|x86.ActiveCfg = Debug|Any CPU
		{85565DFB-9432-4A00-B089-EE70D46F1070}.Debug|x86.Build.0 = Debug|Any CPU
		{85565DFB-9432-4A00-B089-EE70D46F1070}.Release|Any CPU.ActiveCfg = Release|Any CPU
		{85565DFB-9432-4A00-B089-EE70D46F1070}.Release|Any CPU.Build.0 = Release|Any CPU
		{85565DFB-9432-4A00-B089-EE70D46F1070}.Release|x64.ActiveCfg = Release|Any CPU
		{85565DFB-9432-4A00-B089-EE70D46F1070}.Release|x64.Build.0 = Release|Any CPU
		{85565DFB-9432-4A00-B089-EE70D46F1070}.Release|x86.ActiveCfg = Release|Any CPU
		{85565DFB-9432-4A00-B089-EE70D46F1070}.Release|x86.Build.0 = Release|Any CPU
	EndGlobalSection
	GlobalSection(SolutionProperties) = preSolution
		HideSolutionNode = FALSE
	EndGlobalSection
	GlobalSection(ExtensibilityGlobals) = postSolution
		SolutionGuid = {F5F84327-0A35-47AF-91B7-62362605560C}
	EndGlobalSection
EndGlobal
