Microsoft Visual Studio Solution File, Format Version 12.00
# Visual Studio 15
VisualStudioVersion = 15.0.27703.2026
MinimumVisualStudioVersion = 10.0.40219.1
Project("{002A2DE9-8BB6-484D-9802-7E4AD4084715}") = "dlang-prs", ".dub\dlang-prs.visualdproj", "{5B0175B6-D62D-4780-9EB2-52E451CF9CE3}"
EndProject
Project("{FAE04EC0-301F-11D3-BF4B-00C04F79EFBC}") = "csharp-prs", "csharp-prs\csharp-prs.csproj", "{8F1D9D07-0CBB-4A00-A083-B86DE70FF83A}"
	ProjectSection(ProjectDependencies) = postProject
		{5B0175B6-D62D-4780-9EB2-52E451CF9CE3} = {5B0175B6-D62D-4780-9EB2-52E451CF9CE3}
	EndProjectSection
EndProject
Project("{FAE04EC0-301F-11D3-BF4B-00C04F79EFBC}") = "csharp-prs-GUI", "csharp-prs-GUI\csharp-prs-GUI.csproj", "{29196666-227E-495B-BB76-9D1768151E29}"
EndProject
Global
	GlobalSection(SolutionConfigurationPlatforms) = preSolution
		debug|Any CPU = debug|Any CPU
		debug|Win32 = debug|Win32
		debug|x64 = debug|x64
		release|Any CPU = release|Any CPU
		release|Win32 = release|Win32
		release|x64 = release|x64
	EndGlobalSection
	GlobalSection(ProjectConfigurationPlatforms) = postSolution
		{5B0175B6-D62D-4780-9EB2-52E451CF9CE3}.debug|Any CPU.ActiveCfg = debug|Win32
		{5B0175B6-D62D-4780-9EB2-52E451CF9CE3}.debug|Win32.ActiveCfg = debug|Win32
		{5B0175B6-D62D-4780-9EB2-52E451CF9CE3}.debug|Win32.Build.0 = debug|Win32
		{5B0175B6-D62D-4780-9EB2-52E451CF9CE3}.debug|x64.ActiveCfg = debug|x64
		{5B0175B6-D62D-4780-9EB2-52E451CF9CE3}.debug|x64.Build.0 = debug|x64
		{5B0175B6-D62D-4780-9EB2-52E451CF9CE3}.release|Any CPU.ActiveCfg = release|Win32
		{5B0175B6-D62D-4780-9EB2-52E451CF9CE3}.release|Win32.ActiveCfg = release|Win32
		{5B0175B6-D62D-4780-9EB2-52E451CF9CE3}.release|Win32.Build.0 = release|Win32
		{5B0175B6-D62D-4780-9EB2-52E451CF9CE3}.release|x64.ActiveCfg = release|x64
		{5B0175B6-D62D-4780-9EB2-52E451CF9CE3}.release|x64.Build.0 = release|x64
		{8F1D9D07-0CBB-4A00-A083-B86DE70FF83A}.debug|Any CPU.ActiveCfg = Debug|Any CPU
		{8F1D9D07-0CBB-4A00-A083-B86DE70FF83A}.debug|Any CPU.Build.0 = Debug|Any CPU
		{8F1D9D07-0CBB-4A00-A083-B86DE70FF83A}.debug|Win32.ActiveCfg = Debug|Any CPU
		{8F1D9D07-0CBB-4A00-A083-B86DE70FF83A}.debug|Win32.Build.0 = Debug|Any CPU
		{8F1D9D07-0CBB-4A00-A083-B86DE70FF83A}.debug|x64.ActiveCfg = Debug|Any CPU
		{8F1D9D07-0CBB-4A00-A083-B86DE70FF83A}.debug|x64.Build.0 = Debug|Any CPU
		{8F1D9D07-0CBB-4A00-A083-B86DE70FF83A}.release|Any CPU.ActiveCfg = Release|Any CPU
		{8F1D9D07-0CBB-4A00-A083-B86DE70FF83A}.release|Any CPU.Build.0 = Release|Any CPU
		{8F1D9D07-0CBB-4A00-A083-B86DE70FF83A}.release|Win32.ActiveCfg = Release|Any CPU
		{8F1D9D07-0CBB-4A00-A083-B86DE70FF83A}.release|Win32.Build.0 = Release|Any CPU
		{8F1D9D07-0CBB-4A00-A083-B86DE70FF83A}.release|x64.ActiveCfg = Release|Any CPU
		{8F1D9D07-0CBB-4A00-A083-B86DE70FF83A}.release|x64.Build.0 = Release|Any CPU
		{29196666-227E-495B-BB76-9D1768151E29}.debug|Any CPU.ActiveCfg = Debug|Any CPU
		{29196666-227E-495B-BB76-9D1768151E29}.debug|Any CPU.Build.0 = Debug|Any CPU
		{29196666-227E-495B-BB76-9D1768151E29}.debug|Win32.ActiveCfg = Debug|Any CPU
		{29196666-227E-495B-BB76-9D1768151E29}.debug|Win32.Build.0 = Debug|Any CPU
		{29196666-227E-495B-BB76-9D1768151E29}.debug|x64.ActiveCfg = Debug|Any CPU
		{29196666-227E-495B-BB76-9D1768151E29}.debug|x64.Build.0 = Debug|Any CPU
		{29196666-227E-495B-BB76-9D1768151E29}.release|Any CPU.ActiveCfg = Release|Any CPU
		{29196666-227E-495B-BB76-9D1768151E29}.release|Any CPU.Build.0 = Release|Any CPU
		{29196666-227E-495B-BB76-9D1768151E29}.release|Win32.ActiveCfg = Release|x86
		{29196666-227E-495B-BB76-9D1768151E29}.release|Win32.Build.0 = Release|x86
		{29196666-227E-495B-BB76-9D1768151E29}.release|x64.ActiveCfg = Release|x64
		{29196666-227E-495B-BB76-9D1768151E29}.release|x64.Build.0 = Release|x64
	EndGlobalSection
	GlobalSection(SolutionProperties) = preSolution
		HideSolutionNode = FALSE
	EndGlobalSection
	GlobalSection(ExtensibilityGlobals) = postSolution
		SolutionGuid = {A5B80383-63F7-4C0D-BB4D-C59464947DEC}
	EndGlobalSection
EndGlobal
